PODS:
  - Flutter (1.0.0)
  - flutter_radio (0.0.1):
    - Flutter

DEPENDENCIES:
  - Flutter (from `Flutter`)
  - flutter_radio (from `.symlinks/plugins/flutter_radio/ios`)

EXTERNAL SOURCES:
  Flutter:
    :path: Flutter
  flutter_radio:
    :path: ".symlinks/plugins/flutter_radio/ios"

SPEC CHECKSUMS:
  Flutter: 0e3d915762c693b495b44d77113d4970485de6ec
  flutter_radio: 852f82f0ecb1ea21ce24bc3724e95196c6c7c936

PODFILE CHECKSUM: c34e2287a9ccaa606aeceab922830efb9a6ff69a

COCOAPODS: 1.9.1
